
Microsoft Visual Studio Solution File, Format Version 12.00
# Visual Studio 15
VisualStudioVersion = 15.0.28307.1259
MinimumVisualStudioVersion = 10.0.40219.1
Project("{FAE04EC0-301F-11D3-BF4B-00C04F79EFBC}") = "AccApp", "AccApp\AccApp.csproj", "{5B3F607A-4B5C-46A4-9428-75D95B3CBAE4}"
EndProject
Global
	GlobalSection(SolutionConfigurationPlatforms) = preSolution
		Debug|Any CPU = Debug|Any CPU
		Release|Any CPU = Release|Any CPU
	EndGlobalSection
	GlobalSection(ProjectConfigurationPlatforms) = postSolution
		{5B3F607A-4B5C-46A4-9428-75D95B3CBAE4}.Debug|Any CPU.ActiveCfg = Debug|Any CPU
		{5B3F607A-4B5C-46A4-9428-75D95B3CBAE4}.Debug|Any CPU.Build.0 = Debug|Any CPU
		{5B3F607A-4B5C-46A4-9428-75D95B3CBAE4}.Release|Any CPU.ActiveCfg = Release|Any CPU
		{5B3F607A-4B5C-46A4-9428-75D95B3CBAE4}.Release|Any CPU.Build.0 = Release|Any CPU
	EndGlobalSection
	GlobalSection(SolutionProperties) = preSolution
		HideSolutionNode = FALSE
	EndGlobalSection
	GlobalSection(ExtensibilityGlobals) = postSolution
		SolutionGuid = {4F34EAF2-D6EE-49FA-B5C6-7086C436524C}
	EndGlobalSection
EndGlobal
